
Microsoft Visual Studio Solution File, Format Version 12.00
# Visual Studio 14
VisualStudioVersion = 14.0.25420.1
MinimumVisualStudioVersion = 10.0.40219.1
Project("{F184B08F-C81C-45F6-A57F-5ABD9991F28F}") = "CustomerAddress.Entities", "CustomerAddress.Entities\CustomerAddress.Entities.vbproj", "{49BAB9A0-178D-4C25-B20F-C19FE6020DBE}"
EndProject
Project("{F184B08F-C81C-45F6-A57F-5ABD9991F28F}") = "CustomerAddress.Data", "CustomerAddress.Data\CustomerAddress.Data.vbproj", "{BB727780-EDD5-474F-8872-975A54B0509C}"
EndProject
Project("{F184B08F-C81C-45F6-A57F-5ABD9991F28F}") = "CustomerAddress.Service", "CustomerAddress.Service\CustomerAddress.Service.vbproj", "{608C68FA-EAF8-41F8-9DDC-98513FF3F373}"
EndProject
Project("{F184B08F-C81C-45F6-A57F-5ABD9991F28F}") = "CustomerAddress.UI", "CustomerAddress.UI\CustomerAddress.UI.vbproj", "{E2AB0AAB-2843-461C-B4DF-2021704888CB}"
	ProjectSection(ProjectDependencies) = postProject
		{608C68FA-EAF8-41F8-9DDC-98513FF3F373} = {608C68FA-EAF8-41F8-9DDC-98513FF3F373}
	EndProjectSection
EndProject
Project("{F184B08F-C81C-45F6-A57F-5ABD9991F28F}") = "CustomerAddress.Common", "CustomerAddress.Common\CustomerAddress.Common.vbproj", "{E93DE6A3-70EF-448C-A69C-D6037B292393}"
EndProject
Global
	GlobalSection(SolutionConfigurationPlatforms) = preSolution
		Debug|Any CPU = Debug|Any CPU
		Release|Any CPU = Release|Any CPU
	EndGlobalSection
	GlobalSection(ProjectConfigurationPlatforms) = postSolution
		{49BAB9A0-178D-4C25-B20F-C19FE6020DBE}.Debug|Any CPU.ActiveCfg = Debug|Any CPU
		{49BAB9A0-178D-4C25-B20F-C19FE6020DBE}.Debug|Any CPU.Build.0 = Debug|Any CPU
		{49BAB9A0-178D-4C25-B20F-C19FE6020DBE}.Release|Any CPU.ActiveCfg = Release|Any CPU
		{49BAB9A0-178D-4C25-B20F-C19FE6020DBE}.Release|Any CPU.Build.0 = Release|Any CPU
		{BB727780-EDD5-474F-8872-975A54B0509C}.Debug|Any CPU.ActiveCfg = Debug|Any CPU
		{BB727780-EDD5-474F-8872-975A54B0509C}.Debug|Any CPU.Build.0 = Debug|Any CPU
		{BB727780-EDD5-474F-8872-975A54B0509C}.Release|Any CPU.ActiveCfg = Release|Any CPU
		{BB727780-EDD5-474F-8872-975A54B0509C}.Release|Any CPU.Build.0 = Release|Any CPU
		{608C68FA-EAF8-41F8-9DDC-98513FF3F373}.Debug|Any CPU.ActiveCfg = Debug|Any CPU
		{608C68FA-EAF8-41F8-9DDC-98513FF3F373}.Debug|Any CPU.Build.0 = Debug|Any CPU
		{608C68FA-EAF8-41F8-9DDC-98513FF3F373}.Release|Any CPU.ActiveCfg = Release|Any CPU
		{608C68FA-EAF8-41F8-9DDC-98513FF3F373}.Release|Any CPU.Build.0 = Release|Any CPU
		{E2AB0AAB-2843-461C-B4DF-2021704888CB}.Debug|Any CPU.ActiveCfg = Debug|Any CPU
		{E2AB0AAB-2843-461C-B4DF-2021704888CB}.Debug|Any CPU.Build.0 = Debug|Any CPU
		{E2AB0AAB-2843-461C-B4DF-2021704888CB}.Release|Any CPU.ActiveCfg = Release|Any CPU
		{E2AB0AAB-2843-461C-B4DF-2021704888CB}.Release|Any CPU.Build.0 = Release|Any CPU
		{E93DE6A3-70EF-448C-A69C-D6037B292393}.Debug|Any CPU.ActiveCfg = Debug|Any CPU
		{E93DE6A3-70EF-448C-A69C-D6037B292393}.Debug|Any CPU.Build.0 = Debug|Any CPU
		{E93DE6A3-70EF-448C-A69C-D6037B292393}.Release|Any CPU.ActiveCfg = Release|Any CPU
		{E93DE6A3-70EF-448C-A69C-D6037B292393}.Release|Any CPU.Build.0 = Release|Any CPU
	EndGlobalSection
	GlobalSection(SolutionProperties) = preSolution
		HideSolutionNode = FALSE
	EndGlobalSection
EndGlobal
